
Microsoft Visual Studio Solution File, Format Version 10.00
# Visual Studio 2008
Project("{8BC9CEB8-8B4A-11D0-8D11-00A0C91BC942}") = "OpenSurf2008InC", "OpenSurf2008InC\OpenSurf2008InC.vcproj", "{D073840D-7A8A-413A-9396-779F8C6AF0BD}"
EndProject
Global
	GlobalSection(SolutionConfigurationPlatforms) = preSolution
		Debug|Win32 = Debug|Win32
		Release|Win32 = Release|Win32
	EndGlobalSection
	GlobalSection(ProjectConfigurationPlatforms) = postSolution
		{D073840D-7A8A-413A-9396-779F8C6AF0BD}.Debug|Win32.ActiveCfg = Debug|Win32
		{D073840D-7A8A-413A-9396-779F8C6AF0BD}.Debug|Win32.Build.0 = Debug|Win32
		{D073840D-7A8A-413A-9396-779F8C6AF0BD}.Release|Win32.ActiveCfg = Release|Win32
		{D073840D-7A8A-413A-9396-779F8C6AF0BD}.Release|Win32.Build.0 = Release|Win32
	EndGlobalSection
	GlobalSection(SolutionProperties) = preSolution
		HideSolutionNode = FALSE
	EndGlobalSection
EndGlobal
